// !$*UTF8*$!
{
	archiveVersion = 1;
	classes = {
	};
	objectVersion = 51;
	objects = {

/* Begin PBXBuildFile section */
		78B7FF89BB6CA31FD41E5EB6 /* Pods_ToDo.framework in Frameworks */ = {isa = PBXBuildFile; fileRef = EC9ABB91CF99D08032E80BA7 /* Pods_ToDo.framework */; };
		BE1FA07B25F72CC100F32A13 /* MainViewController.swift in Sources */ = {isa = PBXBuildFile; fileRef = BE1FA07A25F72CC100F32A13 /* MainViewController.swift */; };
		BE1FA08025F780E200F32A13 /* TaskListTableViewCell.swift in Sources */ = {isa = PBXBuildFile; fileRef = BE1FA07E25F780E200F32A13 /* TaskListTableViewCell.swift */; };
		BE1FA08525F7F83400F32A13 /* Constant.swift in Sources */ = {isa = PBXBuildFile; fileRef = BE1FA08425F7F83400F32A13 /* Constant.swift */; };
		BE214BF025F8DDBC008B310C /* TaskProtocols.swift in Sources */ = {isa = PBXBuildFile; fileRef = BE214BEF25F8DDBC008B310C /* TaskProtocols.swift */; };
		BE2AAC2925F1ECBD004E7F4C /* Task+CoreDataClass.swift in Sources */ = {isa = PBXBuildFile; fileRef = BE2AAC2725F1ECBD004E7F4C /* Task+CoreDataClass.swift */; };
		BE2AAC2A25F1ECBD004E7F4C /* Task+CoreDataProperties.swift in Sources */ = {isa = PBXBuildFile; fileRef = BE2AAC2825F1ECBD004E7F4C /* Task+CoreDataProperties.swift */; };
		BE2AAC2D25F20626004E7F4C /* NetworkHelper.swift in Sources */ = {isa = PBXBuildFile; fileRef = BE2AAC2C25F20626004E7F4C /* NetworkHelper.swift */; };
		BE57BA6625F017720057B9A3 /* AddViewController.swift in Sources */ = {isa = PBXBuildFile; fileRef = BE57BA6525F017720057B9A3 /* AddViewController.swift */; };
		BE5B77962632F4340095E8F3 /* MainViewModel.swift in Sources */ = {isa = PBXBuildFile; fileRef = BE5B77952632F4340095E8F3 /* MainViewModel.swift */; };
		BE61138D25ED06A100E7EF9B /* todolist.xcdatamodeld in Sources */ = {isa = PBXBuildFile; fileRef = BE61138B25ED06A100E7EF9B /* todolist.xcdatamodeld */; };
		BE61139125ED0A6500E7EF9B /* User+CoreDataClass.swift in Sources */ = {isa = PBXBuildFile; fileRef = BE61138F25ED0A6500E7EF9B /* User+CoreDataClass.swift */; };
		BE61139225ED0A6500E7EF9B /* User+CoreDataProperties.swift in Sources */ = {isa = PBXBuildFile; fileRef = BE61139025ED0A6500E7EF9B /* User+CoreDataProperties.swift */; };
		BE934E0225E4CBFB00DC4D34 /* AppDelegate.swift in Sources */ = {isa = PBXBuildFile; fileRef = BE934E0125E4CBFB00DC4D34 /* AppDelegate.swift */; };
		BE934E0425E4CBFB00DC4D34 /* SceneDelegate.swift in Sources */ = {isa = PBXBuildFile; fileRef = BE934E0325E4CBFB00DC4D34 /* SceneDelegate.swift */; };
		BE934E0625E4CBFB00DC4D34 /* DashboardViewController.swift in Sources */ = {isa = PBXBuildFile; fileRef = BE934E0525E4CBFB00DC4D34 /* DashboardViewController.swift */; };
		BE934E0925E4CBFB00DC4D34 /* Main.storyboard in Resources */ = {isa = PBXBuildFile; fileRef = BE934E0725E4CBFB00DC4D34 /* Main.storyboard */; };
		BE934E0B25E4CC2200DC4D34 /* Assets.xcassets in Resources */ = {isa = PBXBuildFile; fileRef = BE934E0A25E4CC2200DC4D34 /* Assets.xcassets */; };
		BE934E0E25E4CC2200DC4D34 /* LaunchScreen.storyboard in Resources */ = {isa = PBXBuildFile; fileRef = BE934E0C25E4CC2200DC4D34 /* LaunchScreen.storyboard */; };
		BE934E2025E503FD00DC4D34 /* ViewController.swift in Sources */ = {isa = PBXBuildFile; fileRef = BE934E1F25E503FD00DC4D34 /* ViewController.swift */; };
		BE934E2425E5148E00DC4D34 /* GoogleSignIn.bundle in Resources */ = {isa = PBXBuildFile; fileRef = BE934E2325E5148D00DC4D34 /* GoogleSignIn.bundle */; };
		BE934E2725E514E600DC4D34 /* GoogleSignInDependencies.framework in Frameworks */ = {isa = PBXBuildFile; fileRef = BE934E2525E514E600DC4D34 /* GoogleSignInDependencies.framework */; };
		BE934E2825E514E700DC4D34 /* GoogleSignIn.framework in Frameworks */ = {isa = PBXBuildFile; fileRef = BE934E2625E514E600DC4D34 /* GoogleSignIn.framework */; };
		BE934E2B25E5155500DC4D34 /* LocalAuthentication.framework in Frameworks */ = {isa = PBXBuildFile; fileRef = BE934E2A25E5155500DC4D34 /* LocalAuthentication.framework */; };
		BE934E2D25E5155F00DC4D34 /* SafariServices.framework in Frameworks */ = {isa = PBXBuildFile; fileRef = BE934E2C25E5155F00DC4D34 /* SafariServices.framework */; };
		BE934E2F25E5156A00DC4D34 /* AuthenticationServices.framework in Frameworks */ = {isa = PBXBuildFile; fileRef = BE934E2E25E5156900DC4D34 /* AuthenticationServices.framework */; };
		BE934E3125E5157700DC4D34 /* SystemConfiguration.framework in Frameworks */ = {isa = PBXBuildFile; fileRef = BE934E3025E5157700DC4D34 /* SystemConfiguration.framework */; };
		BEA9E7F72634ABF70045E918 /* TaskStatus+CoreDataProperties.swift in Sources */ = {isa = PBXBuildFile; fileRef = BEA9E7F52634ABF70045E918 /* TaskStatus+CoreDataProperties.swift */; };
		BEC7667225E621F10067F1E6 /* UserViewController.swift in Sources */ = {isa = PBXBuildFile; fileRef = BEC7667125E621F10067F1E6 /* UserViewController.swift */; };
		BEC766A925E634ED0067F1E6 /* credentials.plist in Resources */ = {isa = PBXBuildFile; fileRef = BEC766A825E634ED0067F1E6 /* credentials.plist */; };
		BEC766B025E669850067F1E6 /* Toast.swift in Sources */ = {isa = PBXBuildFile; fileRef = BEC766AF25E669850067F1E6 /* Toast.swift */; };
		BED3442A25EF7E140071960A /* TextFieldErrorHelper.swift in Sources */ = {isa = PBXBuildFile; fileRef = BED3442925EF7E140071960A /* TextFieldErrorHelper.swift */; };
/* End PBXBuildFile section */

/* Begin PBXFileReference section */
		1A89C94B077BB8AE1A26E88C /* Pods-ToDo.debug.xcconfig */ = {isa = PBXFileReference; includeInIndex = 1; lastKnownFileType = text.xcconfig; name = "Pods-ToDo.debug.xcconfig"; path = "Target Support Files/Pods-ToDo/Pods-ToDo.debug.xcconfig"; sourceTree = "<group>"; };
		73EE9C536CE7ED4222052E05 /* Pods-ToDo.release.xcconfig */ = {isa = PBXFileReference; includeInIndex = 1; lastKnownFileType = text.xcconfig; name = "Pods-ToDo.release.xcconfig"; path = "Target Support Files/Pods-ToDo/Pods-ToDo.release.xcconfig"; sourceTree = "<group>"; };
		BE1FA07A25F72CC100F32A13 /* MainViewController.swift */ = {isa = PBXFileReference; lastKnownFileType = sourcecode.swift; path = MainViewController.swift; sourceTree = "<group>"; };
		BE1FA07E25F780E200F32A13 /* TaskListTableViewCell.swift */ = {isa = PBXFileReference; lastKnownFileType = sourcecode.swift; path = TaskListTableViewCell.swift; sourceTree = "<group>"; };
		BE1FA08425F7F83400F32A13 /* Constant.swift */ = {isa = PBXFileReference; lastKnownFileType = sourcecode.swift; path = Constant.swift; sourceTree = "<group>"; };
		BE214BEF25F8DDBC008B310C /* TaskProtocols.swift */ = {isa = PBXFileReference; lastKnownFileType = sourcecode.swift; name = TaskProtocols.swift; path = ToDo/Task/ViewModel/TaskProtocols.swift; sourceTree = SOURCE_ROOT; };
		BE2AAC2725F1ECBD004E7F4C /* Task+CoreDataClass.swift */ = {isa = PBXFileReference; fileEncoding = 4; lastKnownFileType = sourcecode.swift; name = "Task+CoreDataClass.swift"; path = "ToDo/Task/DataModel/Task+CoreDataClass.swift"; sourceTree = SOURCE_ROOT; };
		BE2AAC2825F1ECBD004E7F4C /* Task+CoreDataProperties.swift */ = {isa = PBXFileReference; fileEncoding = 4; lastKnownFileType = sourcecode.swift; name = "Task+CoreDataProperties.swift"; path = "ToDo/Task/DataModel/Task+CoreDataProperties.swift"; sourceTree = SOURCE_ROOT; };
		BE2AAC2C25F20626004E7F4C /* NetworkHelper.swift */ = {isa = PBXFileReference; lastKnownFileType = sourcecode.swift; path = NetworkHelper.swift; sourceTree = "<group>"; };
		BE57BA6525F017720057B9A3 /* AddViewController.swift */ = {isa = PBXFileReference; fileEncoding = 4; lastKnownFileType = sourcecode.swift; name = AddViewController.swift; path = ToDo/Task/ViewController/AddViewController.swift; sourceTree = SOURCE_ROOT; };
		BE5B77952632F4340095E8F3 /* MainViewModel.swift */ = {isa = PBXFileReference; lastKnownFileType = sourcecode.swift; path = MainViewModel.swift; sourceTree = "<group>"; };
		BE61138C25ED06A100E7EF9B /* todolist.xcdatamodel */ = {isa = PBXFileReference; lastKnownFileType = wrapper.xcdatamodel; path = todolist.xcdatamodel; sourceTree = "<group>"; };
		BE61138F25ED0A6500E7EF9B /* User+CoreDataClass.swift */ = {isa = PBXFileReference; lastKnownFileType = sourcecode.swift; path = "User+CoreDataClass.swift"; sourceTree = "<group>"; };
		BE61139025ED0A6500E7EF9B /* User+CoreDataProperties.swift */ = {isa = PBXFileReference; lastKnownFileType = sourcecode.swift; path = "User+CoreDataProperties.swift"; sourceTree = "<group>"; };
		BE934DFE25E4CBFB00DC4D34 /* ToDo.app */ = {isa = PBXFileReference; explicitFileType = wrapper.application; includeInIndex = 0; path = ToDo.app; sourceTree = BUILT_PRODUCTS_DIR; };
		BE934E0125E4CBFB00DC4D34 /* AppDelegate.swift */ = {isa = PBXFileReference; lastKnownFileType = sourcecode.swift; path = AppDelegate.swift; sourceTree = "<group>"; };
		BE934E0325E4CBFB00DC4D34 /* SceneDelegate.swift */ = {isa = PBXFileReference; lastKnownFileType = sourcecode.swift; path = SceneDelegate.swift; sourceTree = "<group>"; };
		BE934E0525E4CBFB00DC4D34 /* DashboardViewController.swift */ = {isa = PBXFileReference; lastKnownFileType = sourcecode.swift; path = DashboardViewController.swift; sourceTree = "<group>"; };
		BE934E0825E4CBFB00DC4D34 /* Base */ = {isa = PBXFileReference; lastKnownFileType = file.storyboard; name = Base; path = Base.lproj/Main.storyboard; sourceTree = "<group>"; };
		BE934E0A25E4CC2200DC4D34 /* Assets.xcassets */ = {isa = PBXFileReference; lastKnownFileType = folder.assetcatalog; path = Assets.xcassets; sourceTree = "<group>"; };
		BE934E0D25E4CC2200DC4D34 /* Base */ = {isa = PBXFileReference; lastKnownFileType = file.storyboard; name = Base; path = Base.lproj/LaunchScreen.storyboard; sourceTree = "<group>"; };
		BE934E0F25E4CC2200DC4D34 /* Info.plist */ = {isa = PBXFileReference; lastKnownFileType = text.plist.xml; path = Info.plist; sourceTree = "<group>"; };
		BE934E1F25E503FD00DC4D34 /* ViewController.swift */ = {isa = PBXFileReference; lastKnownFileType = sourcecode.swift; path = ViewController.swift; sourceTree = "<group>"; };
		BE934E2325E5148D00DC4D34 /* GoogleSignIn.bundle */ = {isa = PBXFileReference; lastKnownFileType = "wrapper.plug-in"; path = GoogleSignIn.bundle; sourceTree = "<group>"; };
		BE934E2525E514E600DC4D34 /* GoogleSignInDependencies.framework */ = {isa = PBXFileReference; lastKnownFileType = wrapper.framework; path = GoogleSignInDependencies.framework; sourceTree = "<group>"; };
		BE934E2625E514E600DC4D34 /* GoogleSignIn.framework */ = {isa = PBXFileReference; lastKnownFileType = wrapper.framework; path = GoogleSignIn.framework; sourceTree = "<group>"; };
		BE934E2A25E5155500DC4D34 /* LocalAuthentication.framework */ = {isa = PBXFileReference; lastKnownFileType = wrapper.framework; name = LocalAuthentication.framework; path = System/Library/Frameworks/LocalAuthentication.framework; sourceTree = SDKROOT; };
		BE934E2C25E5155F00DC4D34 /* SafariServices.framework */ = {isa = PBXFileReference; lastKnownFileType = wrapper.framework; name = SafariServices.framework; path = System/Library/Frameworks/SafariServices.framework; sourceTree = SDKROOT; };
		BE934E2E25E5156900DC4D34 /* AuthenticationServices.framework */ = {isa = PBXFileReference; lastKnownFileType = wrapper.framework; name = AuthenticationServices.framework; path = System/Library/Frameworks/AuthenticationServices.framework; sourceTree = SDKROOT; };
		BE934E3025E5157700DC4D34 /* SystemConfiguration.framework */ = {isa = PBXFileReference; lastKnownFileType = wrapper.framework; name = SystemConfiguration.framework; path = System/Library/Frameworks/SystemConfiguration.framework; sourceTree = SDKROOT; };
		BEA9E7F52634ABF70045E918 /* TaskStatus+CoreDataProperties.swift */ = {isa = PBXFileReference; fileEncoding = 4; lastKnownFileType = sourcecode.swift; path = "TaskStatus+CoreDataProperties.swift"; sourceTree = "<group>"; };
		BEC7667125E621F10067F1E6 /* UserViewController.swift */ = {isa = PBXFileReference; lastKnownFileType = sourcecode.swift; path = UserViewController.swift; sourceTree = "<group>"; };
		BEC766A825E634ED0067F1E6 /* credentials.plist */ = {isa = PBXFileReference; fileEncoding = 4; lastKnownFileType = text.plist.xml; path = credentials.plist; sourceTree = "<group>"; };
		BEC766AF25E669850067F1E6 /* Toast.swift */ = {isa = PBXFileReference; lastKnownFileType = sourcecode.swift; path = Toast.swift; sourceTree = "<group>"; };
		BED3442925EF7E140071960A /* TextFieldErrorHelper.swift */ = {isa = PBXFileReference; lastKnownFileType = sourcecode.swift; path = TextFieldErrorHelper.swift; sourceTree = "<group>"; };
		EC9ABB91CF99D08032E80BA7 /* Pods_ToDo.framework */ = {isa = PBXFileReference; explicitFileType = wrapper.framework; includeInIndex = 0; path = Pods_ToDo.framework; sourceTree = BUILT_PRODUCTS_DIR; };
/* End PBXFileReference section */

/* Begin PBXFrameworksBuildPhase section */
		BE934DFB25E4CBFB00DC4D34 /* Frameworks */ = {
			isa = PBXFrameworksBuildPhase;
			buildActionMask = 2147483647;
			files = (
				BE934E3125E5157700DC4D34 /* SystemConfiguration.framework in Frameworks */,
				BE934E2F25E5156A00DC4D34 /* AuthenticationServices.framework in Frameworks */,
				BE934E2D25E5155F00DC4D34 /* SafariServices.framework in Frameworks */,
				BE934E2B25E5155500DC4D34 /* LocalAuthentication.framework in Frameworks */,
				BE934E2725E514E600DC4D34 /* GoogleSignInDependencies.framework in Frameworks */,
				BE934E2825E514E700DC4D34 /* GoogleSignIn.framework in Frameworks */,
				78B7FF89BB6CA31FD41E5EB6 /* Pods_ToDo.framework in Frameworks */,
			);
			runOnlyForDeploymentPostprocessing = 0;
		};
/* End PBXFrameworksBuildPhase section */

/* Begin PBXGroup section */
		159418DFFA744B3F4D63A552 /* Pods */ = {
			isa = PBXGroup;
			children = (
				1A89C94B077BB8AE1A26E88C /* Pods-ToDo.debug.xcconfig */,
				73EE9C536CE7ED4222052E05 /* Pods-ToDo.release.xcconfig */,
			);
			path = Pods;
			sourceTree = "<group>";
		};
		BE1FA07D25F780BA00F32A13 /* View */ = {
			isa = PBXGroup;
			children = (
				BE1FA07E25F780E200F32A13 /* TaskListTableViewCell.swift */,
			);
			path = View;
			sourceTree = "<group>";
		};
		BE214BEE25F8DD53008B310C /* ViewModel */ = {
			isa = PBXGroup;
			children = (
				BE214BEF25F8DDBC008B310C /* TaskProtocols.swift */,
			);
			path = ViewModel;
			sourceTree = "<group>";
		};
		BE57BA5F25F012110057B9A3 /* DataModel */ = {
			isa = PBXGroup;
			children = (
				BEA9E7F52634ABF70045E918 /* TaskStatus+CoreDataProperties.swift */,
				BE2AAC2725F1ECBD004E7F4C /* Task+CoreDataClass.swift */,
				BE2AAC2825F1ECBD004E7F4C /* Task+CoreDataProperties.swift */,
			);
			path = DataModel;
			sourceTree = "<group>";
		};
		BE5B77942632F3F20095E8F3 /* ViewModel */ = {
			isa = PBXGroup;
			children = (
				BE5B77952632F4340095E8F3 /* MainViewModel.swift */,
			);
			path = ViewModel;
			sourceTree = "<group>";
		};
		BE61138825ED02F600E7EF9B /* DataModel */ = {
			isa = PBXGroup;
			children = (
				BE61138F25ED0A6500E7EF9B /* User+CoreDataClass.swift */,
				BE61139025ED0A6500E7EF9B /* User+CoreDataProperties.swift */,
			);
			path = DataModel;
			sourceTree = "<group>";
		};
		BE61138A25ED060F00E7EF9B /* Database */ = {
			isa = PBXGroup;
			children = (
				BE61138B25ED06A100E7EF9B /* todolist.xcdatamodeld */,
			);
			path = Database;
			sourceTree = "<group>";
		};
		BE934DF525E4CBFB00DC4D34 = {
			isa = PBXGroup;
			children = (
				BE934E0025E4CBFB00DC4D34 /* ToDo */,
				BE934DFF25E4CBFB00DC4D34 /* Products */,
				BE934E2925E5155500DC4D34 /* Frameworks */,
				159418DFFA744B3F4D63A552 /* Pods */,
			);
			sourceTree = "<group>";
		};
		BE934DFF25E4CBFB00DC4D34 /* Products */ = {
			isa = PBXGroup;
			children = (
				BE934DFE25E4CBFB00DC4D34 /* ToDo.app */,
			);
			name = Products;
			sourceTree = "<group>";
		};
		BE934E0025E4CBFB00DC4D34 /* ToDo */ = {
			isa = PBXGroup;
			children = (
				BED3441A25EF61880071960A /* Task */,
				BE61138A25ED060F00E7EF9B /* Database */,
				BEC766AE25E669540067F1E6 /* Utility */,
				BEC7666F25E620C70067F1E6 /* User */,
				BE934E2125E5145900DC4D34 /* Third Party Library */,
				BE934E1925E4CC6500DC4D34 /* Storyborad */,
				BE934E1625E4CC3F00DC4D34 /* Delegates */,
				BE934E1A25E4CC7800DC4D34 /* Dashboard */,
				BE934E1825E4CC5300DC4D34 /* Bundle */,
				BE934E1F25E503FD00DC4D34 /* ViewController.swift */,
			);
			path = ToDo;
			sourceTree = "<group>";
		};
		BE934E1625E4CC3F00DC4D34 /* Delegates */ = {
			isa = PBXGroup;
			children = (
				BE934E0125E4CBFB00DC4D34 /* AppDelegate.swift */,
				BE934E0325E4CBFB00DC4D34 /* SceneDelegate.swift */,
			);
			path = Delegates;
			sourceTree = "<group>";
		};
		BE934E1825E4CC5300DC4D34 /* Bundle */ = {
			isa = PBXGroup;
			children = (
				BE934E0A25E4CC2200DC4D34 /* Assets.xcassets */,
				BE934E0F25E4CC2200DC4D34 /* Info.plist */,
			);
			name = Bundle;
			sourceTree = "<group>";
		};
		BE934E1925E4CC6500DC4D34 /* Storyborad */ = {
			isa = PBXGroup;
			children = (
				BE934E0725E4CBFB00DC4D34 /* Main.storyboard */,
				BE934E0C25E4CC2200DC4D34 /* LaunchScreen.storyboard */,
			);
			name = Storyborad;
			sourceTree = "<group>";
		};
		BE934E1A25E4CC7800DC4D34 /* Dashboard */ = {
			isa = PBXGroup;
			children = (
				BE5B77942632F3F20095E8F3 /* ViewModel */,
				BE1FA07D25F780BA00F32A13 /* View */,
				BE934E1C25E4CC8C00DC4D34 /* ViewController */,
			);
			path = Dashboard;
			sourceTree = "<group>";
		};
		BE934E1C25E4CC8C00DC4D34 /* ViewController */ = {
			isa = PBXGroup;
			children = (
				BE934E0525E4CBFB00DC4D34 /* DashboardViewController.swift */,
				BE1FA07A25F72CC100F32A13 /* MainViewController.swift */,
			);
			path = ViewController;
			sourceTree = "<group>";
		};
		BE934E2125E5145900DC4D34 /* Third Party Library */ = {
			isa = PBXGroup;
			children = (
				BE934E2225E5146700DC4D34 /* GoogleSign */,
			);
			path = "Third Party Library";
			sourceTree = "<group>";
		};
		BE934E2225E5146700DC4D34 /* GoogleSign */ = {
			isa = PBXGroup;
			children = (
				BEC766A825E634ED0067F1E6 /* credentials.plist */,
				BE934E2625E514E600DC4D34 /* GoogleSignIn.framework */,
				BE934E2525E514E600DC4D34 /* GoogleSignInDependencies.framework */,
				BE934E2325E5148D00DC4D34 /* GoogleSignIn.bundle */,
			);
			path = GoogleSign;
			sourceTree = "<group>";
		};
		BE934E2925E5155500DC4D34 /* Frameworks */ = {
			isa = PBXGroup;
			children = (
				BE934E3025E5157700DC4D34 /* SystemConfiguration.framework */,
				BE934E2E25E5156900DC4D34 /* AuthenticationServices.framework */,
				BE934E2C25E5155F00DC4D34 /* SafariServices.framework */,
				BE934E2A25E5155500DC4D34 /* LocalAuthentication.framework */,
				EC9ABB91CF99D08032E80BA7 /* Pods_ToDo.framework */,
			);
			name = Frameworks;
			sourceTree = "<group>";
		};
		BEC7666F25E620C70067F1E6 /* User */ = {
			isa = PBXGroup;
			children = (
				BE61138825ED02F600E7EF9B /* DataModel */,
				BEC7667025E620CF0067F1E6 /* ViewController */,
			);
			path = User;
			sourceTree = "<group>";
		};
		BEC7667025E620CF0067F1E6 /* ViewController */ = {
			isa = PBXGroup;
			children = (
				BEC7667125E621F10067F1E6 /* UserViewController.swift */,
			);
			path = ViewController;
			sourceTree = "<group>";
		};
		BEC766AE25E669540067F1E6 /* Utility */ = {
			isa = PBXGroup;
			children = (
				BEC766AF25E669850067F1E6 /* Toast.swift */,
				BED3442925EF7E140071960A /* TextFieldErrorHelper.swift */,
				BE2AAC2C25F20626004E7F4C /* NetworkHelper.swift */,
				BE1FA08425F7F83400F32A13 /* Constant.swift */,
			);
			path = Utility;
			sourceTree = "<group>";
		};
		BED3441A25EF61880071960A /* Task */ = {
			isa = PBXGroup;
			children = (
				BE214BEE25F8DD53008B310C /* ViewModel */,
				BE57BA5F25F012110057B9A3 /* DataModel */,
				BED3441B25EF61B00071960A /* ViewController */,
			);
			name = Task;
			path = "New Group";
			sourceTree = "<group>";
		};
		BED3441B25EF61B00071960A /* ViewController */ = {
			isa = PBXGroup;
			children = (
				BE57BA6525F017720057B9A3 /* AddViewController.swift */,
			);
			path = ViewController;
			sourceTree = "<group>";
		};
/* End PBXGroup section */

/* Begin PBXNativeTarget section */
		BE934DFD25E4CBFB00DC4D34 /* ToDo */ = {
			isa = PBXNativeTarget;
			buildConfigurationList = BE934E1225E4CC2200DC4D34 /* Build configuration list for PBXNativeTarget "ToDo" */;
			buildPhases = (
				1501713658CACF2E92ABA61E /* [CP] Check Pods Manifest.lock */,
				BE934DFA25E4CBFB00DC4D34 /* Sources */,
				BE934DFB25E4CBFB00DC4D34 /* Frameworks */,
				BE934DFC25E4CBFB00DC4D34 /* Resources */,
				56E2F14C777A49C1A7A74B5E /* [CP] Embed Pods Frameworks */,
			);
			buildRules = (
			);
			dependencies = (
			);
			name = ToDo;
			productName = ToDo;
			productReference = BE934DFE25E4CBFB00DC4D34 /* ToDo.app */;
			productType = "com.apple.product-type.application";
		};
/* End PBXNativeTarget section */

/* Begin PBXProject section */
		BE934DF625E4CBFB00DC4D34 /* Project object */ = {
			isa = PBXProject;
			attributes = {
				LastSwiftUpdateCheck = 1240;
				LastUpgradeCheck = 1240;
				TargetAttributes = {
					BE934DFD25E4CBFB00DC4D34 = {
						CreatedOnToolsVersion = 12.4;
					};
				};
			};
			buildConfigurationList = BE934DF925E4CBFB00DC4D34 /* Build configuration list for PBXProject "ToDo" */;
			compatibilityVersion = "Xcode 9.3";
			developmentRegion = en;
			hasScannedForEncodings = 0;
			knownRegions = (
				en,
				Base,
			);
			mainGroup = BE934DF525E4CBFB00DC4D34;
			productRefGroup = BE934DFF25E4CBFB00DC4D34 /* Products */;
			projectDirPath = "";
			projectRoot = "";
			targets = (
				BE934DFD25E4CBFB00DC4D34 /* ToDo */,
			);
		};
/* End PBXProject section */

/* Begin PBXResourcesBuildPhase section */
		BE934DFC25E4CBFB00DC4D34 /* Resources */ = {
			isa = PBXResourcesBuildPhase;
			buildActionMask = 2147483647;
			files = (
				BE934E2425E5148E00DC4D34 /* GoogleSignIn.bundle in Resources */,
				BE934E0E25E4CC2200DC4D34 /* LaunchScreen.storyboard in Resources */,
				BEC766A925E634ED0067F1E6 /* credentials.plist in Resources */,
				BE934E0B25E4CC2200DC4D34 /* Assets.xcassets in Resources */,
				BE934E0925E4CBFB00DC4D34 /* Main.storyboard in Resources */,
			);
			runOnlyForDeploymentPostprocessing = 0;
		};
/* End PBXResourcesBuildPhase section */

/* Begin PBXShellScriptBuildPhase section */
		1501713658CACF2E92ABA61E /* [CP] Check Pods Manifest.lock */ = {
			isa = PBXShellScriptBuildPhase;
			buildActionMask = 2147483647;
			files = (
			);
			inputFileListPaths = (
			);
			inputPaths = (
				"${PODS_PODFILE_DIR_PATH}/Podfile.lock",
				"${PODS_ROOT}/Manifest.lock",
			);
			name = "[CP] Check Pods Manifest.lock";
			outputFileListPaths = (
			);
			outputPaths = (
				"$(DERIVED_FILE_DIR)/Pods-ToDo-checkManifestLockResult.txt",
			);
			runOnlyForDeploymentPostprocessing = 0;
			shellPath = /bin/sh;
			shellScript = "diff \"${PODS_PODFILE_DIR_PATH}/Podfile.lock\" \"${PODS_ROOT}/Manifest.lock\" > /dev/null\nif [ $? != 0 ] ; then\n    # print error to STDERR\n    echo \"error: The sandbox is not in sync with the Podfile.lock. Run 'pod install' or update your CocoaPods installation.\" >&2\n    exit 1\nfi\n# This output is used by Xcode 'outputs' to avoid re-running this script phase.\necho \"SUCCESS\" > \"${SCRIPT_OUTPUT_FILE_0}\"\n";
			showEnvVarsInLog = 0;
		};
		56E2F14C777A49C1A7A74B5E /* [CP] Embed Pods Frameworks */ = {
			isa = PBXShellScriptBuildPhase;
			buildActionMask = 2147483647;
			files = (
			);
			inputFileListPaths = (
				"${PODS_ROOT}/Target Support Files/Pods-ToDo/Pods-ToDo-frameworks-${CONFIGURATION}-input-files.xcfilelist",
			);
			name = "[CP] Embed Pods Frameworks";
			outputFileListPaths = (
				"${PODS_ROOT}/Target Support Files/Pods-ToDo/Pods-ToDo-frameworks-${CONFIGURATION}-output-files.xcfilelist",
			);
			runOnlyForDeploymentPostprocessing = 0;
			shellPath = /bin/sh;
			shellScript = "\"${PODS_ROOT}/Target Support Files/Pods-ToDo/Pods-ToDo-frameworks.sh\"\n";
			showEnvVarsInLog = 0;
		};
/* End PBXShellScriptBuildPhase section */

/* Begin PBXSourcesBuildPhase section */
		BE934DFA25E4CBFB00DC4D34 /* Sources */ = {
			isa = PBXSourcesBuildPhase;
			buildActionMask = 2147483647;
			files = (
				BE2AAC2D25F20626004E7F4C /* NetworkHelper.swift in Sources */,
				BE1FA08525F7F83400F32A13 /* Constant.swift in Sources */,
				BE934E0625E4CBFB00DC4D34 /* DashboardViewController.swift in Sources */,
				BE57BA6625F017720057B9A3 /* AddViewController.swift in Sources */,
				BEC766B025E669850067F1E6 /* Toast.swift in Sources */,
				BEA9E7F72634ABF70045E918 /* TaskStatus+CoreDataProperties.swift in Sources */,
				BE61138D25ED06A100E7EF9B /* todolist.xcdatamodeld in Sources */,
				BEC7667225E621F10067F1E6 /* UserViewController.swift in Sources */,
				BE934E0225E4CBFB00DC4D34 /* AppDelegate.swift in Sources */,
				BE934E2025E503FD00DC4D34 /* ViewController.swift in Sources */,
				BE1FA08025F780E200F32A13 /* TaskListTableViewCell.swift in Sources */,
				BE214BF025F8DDBC008B310C /* TaskProtocols.swift in Sources */,
				BE61139125ED0A6500E7EF9B /* User+CoreDataClass.swift in Sources */,
				BE1FA07B25F72CC100F32A13 /* MainViewController.swift in Sources */,
				BE5B77962632F4340095E8F3 /* MainViewModel.swift in Sources */,
				BE934E0425E4CBFB00DC4D34 /* SceneDelegate.swift in Sources */,
				BED3442A25EF7E140071960A /* TextFieldErrorHelper.swift in Sources */,
				BE2AAC2A25F1ECBD004E7F4C /* Task+CoreDataProperties.swift in Sources */,
				BE2AAC2925F1ECBD004E7F4C /* Task+CoreDataClass.swift in Sources */,
				BE61139225ED0A6500E7EF9B /* User+CoreDataProperties.swift in Sources */,
			);
			runOnlyForDeploymentPostprocessing = 0;
		};
/* End PBXSourcesBuildPhase section */

/* Begin PBXVariantGroup section */
		BE934E0725E4CBFB00DC4D34 /* Main.storyboard */ = {
			isa = PBXVariantGroup;
			children = (
				BE934E0825E4CBFB00DC4D34 /* Base */,
			);
			name = Main.storyboard;
			sourceTree = "<group>";
		};
		BE934E0C25E4CC2200DC4D34 /* LaunchScreen.storyboard */ = {
			isa = PBXVariantGroup;
			children = (
				BE934E0D25E4CC2200DC4D34 /* Base */,
			);
			name = LaunchScreen.storyboard;
			sourceTree = "<group>";
		};
/* End PBXVariantGroup section */

/* Begin XCBuildConfiguration section */
		BE934E1025E4CC2200DC4D34 /* Debug */ = {
			isa = XCBuildConfiguration;
			buildSettings = {
				ALWAYS_SEARCH_USER_PATHS = NO;
				CLANG_ANALYZER_NONNULL = YES;
				CLANG_ANALYZER_NUMBER_OBJECT_CONVERSION = YES_AGGRESSIVE;
				CLANG_CXX_LANGUAGE_STANDARD = "gnu++14";
				CLANG_CXX_LIBRARY = "libc++";
				CLANG_ENABLE_MODULES = YES;
				CLANG_ENABLE_OBJC_ARC = YES;
				CLANG_ENABLE_OBJC_WEAK = YES;
				CLANG_WARN_BLOCK_CAPTURE_AUTORELEASING = YES;
				CLANG_WARN_BOOL_CONVERSION = YES;
				CLANG_WARN_COMMA = YES;
				CLANG_WARN_CONSTANT_CONVERSION = YES;
				CLANG_WARN_DEPRECATED_OBJC_IMPLEMENTATIONS = YES;
				CLANG_WARN_DIRECT_OBJC_ISA_USAGE = YES_ERROR;
				CLANG_WARN_DOCUMENTATION_COMMENTS = YES;
				CLANG_WARN_EMPTY_BODY = YES;
				CLANG_WARN_ENUM_CONVERSION = YES;
				CLANG_WARN_INFINITE_RECURSION = YES;
				CLANG_WARN_INT_CONVERSION = YES;
				CLANG_WARN_NON_LITERAL_NULL_CONVERSION = YES;
				CLANG_WARN_OBJC_IMPLICIT_RETAIN_SELF = YES;
				CLANG_WARN_OBJC_LITERAL_CONVERSION = YES;
				CLANG_WARN_OBJC_ROOT_CLASS = YES_ERROR;
				CLANG_WARN_QUOTED_INCLUDE_IN_FRAMEWORK_HEADER = YES;
				CLANG_WARN_RANGE_LOOP_ANALYSIS = YES;
				CLANG_WARN_STRICT_PROTOTYPES = YES;
				CLANG_WARN_SUSPICIOUS_MOVE = YES;
				CLANG_WARN_UNGUARDED_AVAILABILITY = YES_AGGRESSIVE;
				CLANG_WARN_UNREACHABLE_CODE = YES;
				CLANG_WARN__DUPLICATE_METHOD_MATCH = YES;
				COPY_PHASE_STRIP = NO;
				DEBUG_INFORMATION_FORMAT = dwarf;
				ENABLE_STRICT_OBJC_MSGSEND = YES;
				ENABLE_TESTABILITY = YES;
				GCC_C_LANGUAGE_STANDARD = gnu11;
				GCC_DYNAMIC_NO_PIC = NO;
				GCC_NO_COMMON_BLOCKS = YES;
				GCC_OPTIMIZATION_LEVEL = 0;
				GCC_PREPROCESSOR_DEFINITIONS = (
					"DEBUG=1",
					"$(inherited)",
				);
				GCC_WARN_64_TO_32_BIT_CONVERSION = YES;
				GCC_WARN_ABOUT_RETURN_TYPE = YES_ERROR;
				GCC_WARN_UNDECLARED_SELECTOR = YES;
				GCC_WARN_UNINITIALIZED_AUTOS = YES_AGGRESSIVE;
				GCC_WARN_UNUSED_FUNCTION = YES;
				GCC_WARN_UNUSED_VARIABLE = YES;
				IPHONEOS_DEPLOYMENT_TARGET = 14.4;
				MTL_ENABLE_DEBUG_INFO = INCLUDE_SOURCE;
				MTL_FAST_MATH = YES;
				ONLY_ACTIVE_ARCH = YES;
				SDKROOT = iphoneos;
				SWIFT_ACTIVE_COMPILATION_CONDITIONS = DEBUG;
				SWIFT_OPTIMIZATION_LEVEL = "-Onone";
			};
			name = Debug;
		};
		BE934E1125E4CC2200DC4D34 /* Release */ = {
			isa = XCBuildConfiguration;
			buildSettings = {
				ALWAYS_SEARCH_USER_PATHS = NO;
				CLANG_ANALYZER_NONNULL = YES;
				CLANG_ANALYZER_NUMBER_OBJECT_CONVERSION = YES_AGGRESSIVE;
				CLANG_CXX_LANGUAGE_STANDARD = "gnu++14";
				CLANG_CXX_LIBRARY = "libc++";
				CLANG_ENABLE_MODULES = YES;
				CLANG_ENABLE_OBJC_ARC = YES;
				CLANG_ENABLE_OBJC_WEAK = YES;
				CLANG_WARN_BLOCK_CAPTURE_AUTORELEASING = YES;
				CLANG_WARN_BOOL_CONVERSION = YES;
				CLANG_WARN_COMMA = YES;
				CLANG_WARN_CONSTANT_CONVERSION = YES;
				CLANG_WARN_DEPRECATED_OBJC_IMPLEMENTATIONS = YES;
				CLANG_WARN_DIRECT_OBJC_ISA_USAGE = YES_ERROR;
				CLANG_WARN_DOCUMENTATION_COMMENTS = YES;
				CLANG_WARN_EMPTY_BODY = YES;
				CLANG_WARN_ENUM_CONVERSION = YES;
				CLANG_WARN_INFINITE_RECURSION = YES;
				CLANG_WARN_INT_CONVERSION = YES;
				CLANG_WARN_NON_LITERAL_NULL_CONVERSION = YES;
				CLANG_WARN_OBJC_IMPLICIT_RETAIN_SELF = YES;
				CLANG_WARN_OBJC_LITERAL_CONVERSION = YES;
				CLANG_WARN_OBJC_ROOT_CLASS = YES_ERROR;
				CLANG_WARN_QUOTED_INCLUDE_IN_FRAMEWORK_HEADER = YES;
				CLANG_WARN_RANGE_LOOP_ANALYSIS = YES;
				CLANG_WARN_STRICT_PROTOTYPES = YES;
				CLANG_WARN_SUSPICIOUS_MOVE = YES;
				CLANG_WARN_UNGUARDED_AVAILABILITY = YES_AGGRESSIVE;
				CLANG_WARN_UNREACHABLE_CODE = YES;
				CLANG_WARN__DUPLICATE_METHOD_MATCH = YES;
				COPY_PHASE_STRIP = NO;
				DEBUG_INFORMATION_FORMAT = "dwarf-with-dsym";
				ENABLE_NS_ASSERTIONS = NO;
				ENABLE_STRICT_OBJC_MSGSEND = YES;
				GCC_C_LANGUAGE_STANDARD = gnu11;
				GCC_NO_COMMON_BLOCKS = YES;
				GCC_WARN_64_TO_32_BIT_CONVERSION = YES;
				GCC_WARN_ABOUT_RETURN_TYPE = YES_ERROR;
				GCC_WARN_UNDECLARED_SELECTOR = YES;
				GCC_WARN_UNINITIALIZED_AUTOS = YES_AGGRESSIVE;
				GCC_WARN_UNUSED_FUNCTION = YES;
				GCC_WARN_UNUSED_VARIABLE = YES;
				IPHONEOS_DEPLOYMENT_TARGET = 14.4;
				MTL_ENABLE_DEBUG_INFO = NO;
				MTL_FAST_MATH = YES;
				SDKROOT = iphoneos;
				SWIFT_COMPILATION_MODE = wholemodule;
				SWIFT_OPTIMIZATION_LEVEL = "-O";
				VALIDATE_PRODUCT = YES;
			};
			name = Release;
		};
		BE934E1325E4CC2200DC4D34 /* Debug */ = {
			isa = XCBuildConfiguration;
			baseConfigurationReference = 1A89C94B077BB8AE1A26E88C /* Pods-ToDo.debug.xcconfig */;
			buildSettings = {
				ASSETCATALOG_COMPILER_APPICON_NAME = AppIcon;
				ASSETCATALOG_COMPILER_GLOBAL_ACCENT_COLOR_NAME = AccentColor;
				CODE_SIGN_STYLE = Automatic;
				DEVELOPMENT_TEAM = 2Q459GXYYZ;
				FRAMEWORK_SEARCH_PATHS = (
					"$(inherited)",
					"$(PROJECT_DIR)/ToDo/Third\\ Party\\ Library/GoogleSign",
					"$(PROJECT_DIR)/ToDo/Third\\ Party\\ Library/GoogleSign",
				);
				INFOPLIST_FILE = ToDo/Info.plist;
				LD_RUNPATH_SEARCH_PATHS = (
					"$(inherited)",
					"@executable_path/Frameworks",
				);
				OTHER_LDFLAGS = (
					"$(OTHER_LDFLAGS)",
					"-ObjC",
				);
				PRODUCT_BUNDLE_IDENTIFIER = neha.gupta.ToDo;
				PRODUCT_NAME = "$(TARGET_NAME)";
				SWIFT_VERSION = 5.0;
				TARGETED_DEVICE_FAMILY = "1,2";
			};
			name = Debug;
		};
		BE934E1425E4CC2200DC4D34 /* Release */ = {
			isa = XCBuildConfiguration;
			baseConfigurationReference = 73EE9C536CE7ED4222052E05 /* Pods-ToDo.release.xcconfig */;
			buildSettings = {
				ASSETCATALOG_COMPILER_APPICON_NAME = AppIcon;
				ASSETCATALOG_COMPILER_GLOBAL_ACCENT_COLOR_NAME = AccentColor;
				CODE_SIGN_STYLE = Automatic;
				DEVELOPMENT_TEAM = 2Q459GXYYZ;
				FRAMEWORK_SEARCH_PATHS = (
					"$(inherited)",
					"$(PROJECT_DIR)/ToDo/Third\\ Party\\ Library/GoogleSign",
					"$(PROJECT_DIR)/ToDo/Third\\ Party\\ Library/GoogleSign",
				);
				INFOPLIST_FILE = ToDo/Info.plist;
				LD_RUNPATH_SEARCH_PATHS = (
					"$(inherited)",
					"@executable_path/Frameworks",
				);
				OTHER_LDFLAGS = (
					"$(OTHER_LDFLAGS)",
					"-ObjC",
				);
				PRODUCT_BUNDLE_IDENTIFIER = neha.gupta.ToDo;
				PRODUCT_NAME = "$(TARGET_NAME)";
				SWIFT_VERSION = 5.0;
				TARGETED_DEVICE_FAMILY = "1,2";
			};
			name = Release;
		};
/* End XCBuildConfiguration section */

/* Begin XCConfigurationList section */
		BE934DF925E4CBFB00DC4D34 /* Build configuration list for PBXProject "ToDo" */ = {
			isa = XCConfigurationList;
			buildConfigurations = (
				BE934E1025E4CC2200DC4D34 /* Debug */,
				BE934E1125E4CC2200DC4D34 /* Release */,
			);
			defaultConfigurationIsVisible = 0;
			defaultConfigurationName = Release;
		};
		BE934E1225E4CC2200DC4D34 /* Build configuration list for PBXNativeTarget "ToDo" */ = {
			isa = XCConfigurationList;
			buildConfigurations = (
				BE934E1325E4CC2200DC4D34 /* Debug */,
				BE934E1425E4CC2200DC4D34 /* Release */,
			);
			defaultConfigurationIsVisible = 0;
			defaultConfigurationName = Release;
		};
/* End XCConfigurationList section */

/* Begin XCVersionGroup section */
		BE61138B25ED06A100E7EF9B /* todolist.xcdatamodeld */ = {
			isa = XCVersionGroup;
			children = (
				BE61138C25ED06A100E7EF9B /* todolist.xcdatamodel */,
			);
			currentVersion = BE61138C25ED06A100E7EF9B /* todolist.xcdatamodel */;
			path = todolist.xcdatamodeld;
			sourceTree = "<group>";
			versionGroupType = wrapper.xcdatamodel;
		};
/* End XCVersionGroup section */
	};
	rootObject = BE934DF625E4CBFB00DC4D34 /* Project object */;
}
